
Microsoft Visual Studio Solution File, Format Version 12.00
# Visual Studio 15
VisualStudioVersion = 15.0.26430.16
MinimumVisualStudioVersion = 10.0.40219.1
Project("{FAE04EC0-301F-11D3-BF4B-00C04F79EFBC}") = "host", "host\host.csproj", "{FF29289D-4092-46E6-A048-82638F2F90DA}"
EndProject
Project("{FAE04EC0-301F-11D3-BF4B-00C04F79EFBC}") = "client", "client\client.csproj", "{9DF195C4-EE63-4291-AE41-B97605E35E8B}"
EndProject
Global
	GlobalSection(SolutionConfigurationPlatforms) = preSolution
		Debug|Any CPU = Debug|Any CPU
		Release|Any CPU = Release|Any CPU
	EndGlobalSection
	GlobalSection(ProjectConfigurationPlatforms) = postSolution
		{FF29289D-4092-46E6-A048-82638F2F90DA}.Debug|Any CPU.ActiveCfg = Debug|Any CPU
		{FF29289D-4092-46E6-A048-82638F2F90DA}.Debug|Any CPU.Build.0 = Debug|Any CPU
		{FF29289D-4092-46E6-A048-82638F2F90DA}.Release|Any CPU.ActiveCfg = Release|Any CPU
		{FF29289D-4092-46E6-A048-82638F2F90DA}.Release|Any CPU.Build.0 = Release|Any CPU
		{9DF195C4-EE63-4291-AE41-B97605E35E8B}.Debug|Any CPU.ActiveCfg = Debug|Any CPU
		{9DF195C4-EE63-4291-AE41-B97605E35E8B}.Debug|Any CPU.Build.0 = Debug|Any CPU
		{9DF195C4-EE63-4291-AE41-B97605E35E8B}.Release|Any CPU.ActiveCfg = Release|Any CPU
		{9DF195C4-EE63-4291-AE41-B97605E35E8B}.Release|Any CPU.Build.0 = Release|Any CPU
	EndGlobalSection
	GlobalSection(SolutionProperties) = preSolution
		HideSolutionNode = FALSE
	EndGlobalSection
EndGlobal
