
Microsoft Visual Studio Solution File, Format Version 12.00
# Visual Studio 15
VisualStudioVersion = 15.0.26430.16
MinimumVisualStudioVersion = 10.0.40219.1
Project("{FAE04EC0-301F-11D3-BF4B-00C04F79EFBC}") = "async-await.web", "async-await.web\async-await.web.csproj", "{B372C88F-1A0F-4CD5-8EB0-1A5816120D66}"
EndProject
Project("{FAE04EC0-301F-11D3-BF4B-00C04F79EFBC}") = "async-await.console", "async-await.console\async-await.console.csproj", "{8B2EBA10-0D2A-4DB4-92FA-D7B024C1401E}"
EndProject
Project("{FAE04EC0-301F-11D3-BF4B-00C04F79EFBC}") = "async-await.net.web", "async-await.net.web\async-await.net.web.csproj", "{05D2D74D-E80B-4655-997A-6EF2033F6BAA}"
EndProject
Global
	GlobalSection(SolutionConfigurationPlatforms) = preSolution
		Debug|Any CPU = Debug|Any CPU
		Release|Any CPU = Release|Any CPU
	EndGlobalSection
	GlobalSection(ProjectConfigurationPlatforms) = postSolution
		{B372C88F-1A0F-4CD5-8EB0-1A5816120D66}.Debug|Any CPU.ActiveCfg = Debug|Any CPU
		{B372C88F-1A0F-4CD5-8EB0-1A5816120D66}.Debug|Any CPU.Build.0 = Debug|Any CPU
		{B372C88F-1A0F-4CD5-8EB0-1A5816120D66}.Release|Any CPU.ActiveCfg = Release|Any CPU
		{B372C88F-1A0F-4CD5-8EB0-1A5816120D66}.Release|Any CPU.Build.0 = Release|Any CPU
		{8B2EBA10-0D2A-4DB4-92FA-D7B024C1401E}.Debug|Any CPU.ActiveCfg = Debug|Any CPU
		{8B2EBA10-0D2A-4DB4-92FA-D7B024C1401E}.Debug|Any CPU.Build.0 = Debug|Any CPU
		{8B2EBA10-0D2A-4DB4-92FA-D7B024C1401E}.Release|Any CPU.ActiveCfg = Release|Any CPU
		{8B2EBA10-0D2A-4DB4-92FA-D7B024C1401E}.Release|Any CPU.Build.0 = Release|Any CPU
		{05D2D74D-E80B-4655-997A-6EF2033F6BAA}.Debug|Any CPU.ActiveCfg = Debug|Any CPU
		{05D2D74D-E80B-4655-997A-6EF2033F6BAA}.Debug|Any CPU.Build.0 = Debug|Any CPU
		{05D2D74D-E80B-4655-997A-6EF2033F6BAA}.Release|Any CPU.ActiveCfg = Release|Any CPU
		{05D2D74D-E80B-4655-997A-6EF2033F6BAA}.Release|Any CPU.Build.0 = Release|Any CPU
	EndGlobalSection
	GlobalSection(SolutionProperties) = preSolution
		HideSolutionNode = FALSE
	EndGlobalSection
EndGlobal
